github.com/BurntSushi/xgb v0.0.0-20160522181843-27f122750802/go.mod h1:IVnqGOEym/WlBOVXweHU+Q+/VP0lqqI8lqeDx9IjBqo=
github.com/ajstarks/svgo v0.0.0-20180226025133-644b8db467af h1:wVe6/Ea46ZMeNkQjjBW6xcqyQA/j5e0D6GytH95g0gQ=
github.com/ajstarks/svgo v0.0.0-20180226025133-644b8db467af/go.mod h1:K08gAheRH3/J6wwsYMMT4xOr94bZjxIelGM0+d/wbFw=
github.com/boltdb/bolt v1.3.1 h1:JQmyP4ZBrce+ZQu0dY660FMfatumYDLun9hBCUVIkF4=
github.com/boltdb/bolt v1.3.1/go.mod h1:clJnj/oiGkjum5o1McbSZDSLxVThjynRyGBgiAx27Ps=
github.com/davecgh/go-spew v1.1.1/go.mod h1:J7Y8YcW2NihsgmVo/mv3lAwl/skON4iLHjSsI+c5H38=
github.com/edsrzf/mmap-go v1.0.0/go.mod h1:YO35OhQPt3KJa3ryjFM5Bs14WD66h8eGKpfaBNrHW5M=
github.com/elazarl/go-bindata-assetfs v1.0.0 h1:G/bYguwHIzWq9ZoyUQqrjTmJbbYn3j3CKKpKinvZLFk=
github.com/elazarl/go-bindata-assetfs v1.0.0/go.mod h1:v+YaWX3bdea5J/mo8dSETolEo7R71Vk1u8bnjau5yw4=
github.com/fogleman/gg v1.2.1-0.20190220221249-0403632d5b90 h1:WXb3TSNmHp2vHoCroCIB1foO/yQ36swABL8aOVeDpgg=
github.com/fogleman/gg v1.2.1-0.20190220221249-0403632d5b90/go.mod h1:R/bRT+9gY/C5z7JzPU0zXsXHKM4/ayA+zqcVNZzPa1k=
github.com/go-gl/gl v0.0.0-20180407155706-68e253793080/go.mod h1:482civXOzJJCPzJ4ZOX/pwvXBWSnzD4OKMdH4ClKGbk=
github.com/go-gl/glfw v0.0.0-20180426074136-46a8d530c326/go.mod h1:vR7hzQXu2zJy9AVAgeJqvqgH9Q5CA+iKCZ2gyEVpxRU=
github.com/go-lsst/ncs v0.1.0 h1:uPBEFZ9gvY+OaILv4Ra6Ql+OOi/UfCNeeBW+oOQaMFc=
github.com/go-lsst/ncs v0.1.0/go.mod h1:LQfOogjUNaCXCrQFz4ruzMjQnPdPd3QTJ/W412tuk9M=
github.com/go-lsst/ncs v0.2.0 h1:1akEGyWy2O3WqTNsJz74Bt1znaMHaFveHvo5cRrrFHk=
github.com/go-lsst/ncs v0.2.0/go.mod h1:yKk68g5yg7aESjOsfcEj84d1L8wY0BdQc5I90+0RXgM=
github.com/goburrow/modbus v0.1.0 h1:DejRZY73nEM6+bt5JSP6IsFolJ9dVcqxsYbpLbeW/ro=
github.com/goburrow/modbus v0.1.0/go.mod h1:Kx552D5rLIS8E7TyUwQ/UdHEqvX5T8tyiGBTlzMcZBg=
github.com/goburrow/serial v0.1.0 h1:v2T1SQa/dlUqQiYIT8+Cu7YolfqAi3K96UmhwYyuSrA=
github.com/goburrow/serial v0.1.0/go.mod h1:sAiqG0nRVswsm1C97xsttiYCzSLBmUZ/VSlVLZJ8haA=
github.com/golang/freetype v0.0.0-20170609003504-e2365dfdc4a0 h1:DACJavvAHhabrF08vX0COfcOBJRhZ8lUbR+ZWIs0Y5g=
github.com/golang/freetype v0.0.0-20170609003504-e2365dfdc4a0/go.mod h1:E/TSTwGwJL78qG/PmXZO1EjYhfJinVAhrmmHX6Z8B9k=
github.com/golang/snappy v0.0.0-20180518054509-2e65f85255db/go.mod h1:/XxbfmMg8lxefKM7IXC3fBNl/7bRcc72aCRzEWrmP2Q=
github.com/gonuts/binary v0.2.0 h1:caITwMWAoQWlL0RNvv2lTU/AHqAJlVuu6nZmNgfbKW4=
github.com/gonuts/binary v0.2.0/go.mod h1:kM+CtBrCGDSKdv8WXTuCUsw+loiy8f/QEI8YCCC0M/E=
github.com/gonuts/commander v0.1.0/go.mod h1:qkb5mSlcWodYgo7vs8ulLnXhfinhZsZcm6+H/z1JjgY=
github.com/gonuts/flag v0.1.0/go.mod h1:ZTmTGtrSPejTo/SRNhCqwLTmiAgyBdCkLYhHrAoBdz4=
github.com/gonuts/logger v0.0.0-20131130124048-193d8600fb59/go.mod h1:P2KzK65mFIrvJc5HRcf1gfXO3/axCqZb8IUtj0EVM2A=
github.com/google/go-cmp v0.2.0/go.mod h1:oXzfMopK8JAjlY9xF4vHSVASa0yLyX7SntLO5aqRK0M=
github.com/google/shlex v0.0.0-20181106134648-c34317bd91bf/go.mod h1:RpwtwJQFrIEPstU94h88MWPXP2ektJZ8cZ0YntAmXiE=
github.com/hanwen/go-fuse v0.0.0-20190108193432-d1c826d19ad0/go.mod h1:unqXarDXqzAk0rt98O2tVndEPIpUgLD9+rwFisZH3Ok=
github.com/hashicorp/go-uuid v1.0.0 h1:RS8zrF7PhGwyNPOtxSClXXj9HA8feRnJzgnI1RJCSnM=
github.com/hashicorp/go-uuid v1.0.0/go.mod h1:6SBZvOh/SIDV7/2o3Jml5SYk/TvGqwFJ/bN7x4byOro=
github.com/hashicorp/go-uuid v1.0.1 h1:fv1ep09latC32wFoVwnqcnKJGnMSdBanPczbHAYm1BE=
github.com/hashicorp/go-uuid v1.0.1/go.mod h1:6SBZvOh/SIDV7/2o3Jml5SYk/TvGqwFJ/bN7x4byOro=
github.com/jcmturner/gofork v0.0.0-20180107083740-2aebee971930/go.mod h1:MK8+TM0La+2rjBD4jE12Kj1pCCxK7d2LK/UM3ncEo0o=
github.com/jung-kurt/gofpdf v1.0.0 h1:EroSdlP9BOoL5ssLYf3uLJXhCQMMM2fFxCJDKA3RhnA=
github.com/jung-kurt/gofpdf v1.0.0/go.mod h1:7Id9E/uU8ce6rXgefFLlgrJj/GYY22cpxn+r32jIOes=
github.com/llgcode/draw2d v0.0.0-20180124133339-274031cf2abe/go.mod h1:th5ThsEAha37D8D9FbfhLvGuf04dR1aM0mgdYs+XHto=
github.com/llgcode/draw2d v0.0.0-20180817132918-587a55234ca2/go.mod h1:mVa0dA29Db2S4LVqDYLlsePDzRJLDfdhVZiI15uY0FA=
github.com/llgcode/ps v0.0.0-20150911083025-f1443b32eedb/go.mod h1:1l8ky+Ew27CMX29uG+a2hNOKpeNYEQjjtiALiBlFQbY=
github.com/mattn/go-runewidth v0.0.3/go.mod h1:LwmH8dsx7+W8Uxz3IHJYH5QSwggIsqBzpuz5H//U1FU=
github.com/peterh/liner v1.1.0/go.mod h1:CRroGNssyjTd/qIG2FyxByd2S8JEAZXBl4qUrZf8GS0=
github.com/pierrec/lz4 v2.0.5+incompatible/go.mod h1:pdkljMzZIN41W+lC3N2tnIh5sFi+IEE17M5jbnwPHcY=
github.com/pierrec/xxHash v0.1.1/go.mod h1:w2waW5Zoa/Wc4Yqe0wgrIYAGKqRMf7czn2HNKXmuL+I=
github.com/pkg/errors v0.8.1 h1:iURUrRGxPUNPdy5/HRSm+Yj6okJ6UtLINN0Q9M4+h3I=
github.com/pkg/errors v0.8.1/go.mod h1:bwawxfHBFNV+L2hUp1rHADufV3IMtnDRdf1r5NINEl0=
github.com/pmezard/go-difflib v1.0.0/go.mod h1:iKH77koFhYxTK1pcRnkKkqfTogsbg7gZNVY4sRDYZ/4=
github.com/remyoudompheng/bigfft v0.0.0-20170806203942-52369c62f446/go.mod h1:uYEyJGbgTkfkS4+E/PavXkNJcbFIpEtjt2B0KDQ5+9M=
github.com/satori/uuid v1.2.0 h1:6TFY4nxn5XwBx0gDfzbEMCNT6k4N/4FNIuN8RACZ0KI=
github.com/satori/uuid v1.2.0/go.mod h1:B8HLsPLik/YNn6KKWVMDJ8nzCL8RP5WyfsnmvnAEwIU=
github.com/sbinet/npyio v0.2.0/go.mod h1:Wk81yG1hlHgHAy4KXRQ59EfpZoAzT+2V4Pjyv7rUEM0=
github.com/stretchr/testify v1.2.2/go.mod h1:a8OnRcib4nhh0OaRAV+Yts87kKdq0PP7pXfy6kDkUVs=
github.com/ulikunitz/xz v0.5.5/go.mod h1:2bypXElzHzzJZwzH67Y6wb67pO62Rzfn7BSiF4ABRW8=
go-hep.org/x/exp v0.0.0-20180802154217-6d993ac81a11 h1:g7VVU92t9wO0Q8OkoyodPHaQIxcXgbkoFr5tQS9c8Bw=
go-hep.org/x/exp v0.0.0-20180802154217-6d993ac81a11/go.mod h1:laR3d9r+2P9cHBEfp0Pa1m/Fe4Xc6nAsk8Pxk5+BEr4=
go-hep.org/x/hep v0.17.1 h1:22jSzb7TQKTVT+sZUj3Jb9SoCGdpm7Tky8w9FC62Hb0=
go-hep.org/x/hep v0.17.1/go.mod h1:XEeqm/ePmKsNOH6L9UU+qxFXMuOYAD70cdiBJCvxSqc=
golang.org/x/crypto v0.0.0-20190103213133-ff983b9c42bc/go.mod h1:6SG95UA2DQfeDnfUPMdvaQW0Q7yPrPDi9nlGo2tz2b4=
golang.org/x/exp v0.0.0-20180321215751-8460e604b9de/go.mod h1:CJ0aWSM057203Lf6IL+f9T1iT9GByDxfZKAQTCR3kQA=
golang.org/x/exp v0.0.0-20180710024300-14dda7b62fcd/go.mod h1:CJ0aWSM057203Lf6IL+f9T1iT9GByDxfZKAQTCR3kQA=
golang.org/x/exp v0.0.0-20180807140117-3d87b88a115f/go.mod h1:CJ0aWSM057203Lf6IL+f9T1iT9GByDxfZKAQTCR3kQA=
golang.org/x/exp v0.0.0-20190104205336-ae74f88a12a8 h1:2v7fVNLip9ITrYseY4lnWY8s0qXZh7OsjZX1QBlD1to=
golang.org/x/exp v0.0.0-20190104205336-ae74f88a12a8/go.mod h1:CJ0aWSM057203Lf6IL+f9T1iT9GByDxfZKAQTCR3kQA=
golang.org/x/image v0.0.0-20180708004352-c73c2afc3b81/go.mod h1:ux5Hcp/YLpHSI86hEcLt0YII63i6oz57MZXIpbrjZUs=
golang.org/x/image v0.0.0-20181116024801-cd38e8056d9b h1:VHyIDlv3XkfCa5/a81uzaoDkHH4rr81Z62g+xlnO8uM=
golang.org/x/image v0.0.0-20181116024801-cd38e8056d9b/go.mod h1:ux5Hcp/YLpHSI86hEcLt0YII63i6oz57MZXIpbrjZUs=
golang.org/x/mobile v0.0.0-20180719123216-371a4e8cb797/go.mod h1:z+o9i4GpDbdi3rU15maQ/Ox0txvL9dWGYEHz965HBQE=
golang.org/x/mobile v0.0.0-20190107162257-dc0771356504 h1:bA8jMqqIcBu191ErxBfkJySs6rFZrCf4CCcqFeo3laE=
golang.org/x/mobile v0.0.0-20190107162257-dc0771356504/go.mod h1:z+o9i4GpDbdi3rU15maQ/Ox0txvL9dWGYEHz965HBQE=
golang.org/x/net v0.0.0-20190301231341-16b79f2e4e95 h1:fY7Dsw114eJN4boqzVSbpVHO6rTdhq6/GnXeu+PKnzU=
golang.org/x/net v0.0.0-20190301231341-16b79f2e4e95/go.mod h1:mL1N/T3taQHkDXs73rZJwtUhF3w3ftmwwsq0BUmARs4=
golang.org/x/sys v0.0.0-20180830151530-49385e6e1522/go.mod h1:STP8DvDyc/dI5b8T5hshtkjS+E42TnysNCUPdjciGhY=
golang.org/x/tools v0.0.0-20180525024113-a5b4c53f6e8b/go.mod h1:n7NCudcB/nEzxVGmLbDWY5pfWTLqBcC2KZ6jyYvM4mQ=
gonum.org/v1/gonum v0.0.0-20180525204857-c75679ee1eff/go.mod h1:cucAdkem48eM79EG1fdGOGASXorNZIYAO9duTse+1cI=
gonum.org/v1/gonum v0.0.0-20180716103638-023b8e605abb/go.mod h1:Y+Yx5eoAFn32cQvJDxZx5Dpnq+c3wtXuadVZAcxbbBo=
gonum.org/v1/gonum v0.0.0-20180816165407-929014505bf4/go.mod h1:Y+Yx5eoAFn32cQvJDxZx5Dpnq+c3wtXuadVZAcxbbBo=
gonum.org/v1/gonum v0.0.0-20190111083114-e53627a82652 h1:IzwPk6CwVS/geUOkT18HwqLQx3R+Zi2+3KnW+E/8WEo=
gonum.org/v1/gonum v0.0.0-20190111083114-e53627a82652/go.mod h1:Y+Yx5eoAFn32cQvJDxZx5Dpnq+c3wtXuadVZAcxbbBo=
gonum.org/v1/netlib v0.0.0-20181224185128-3431cf544c75/go.mod h1:wa6Ws7BG/ESfp6dHfk7C6KdzKA7wR7u/rKwOGE66zvw=
gonum.org/v1/plot v0.0.0-20180724132003-e0f807cd8606/go.mod h1:9lTB+d5GQ6jxxXQJwo+5H0W80Esv9xbU0OgYPz9ikqY=
gonum.org/v1/plot v0.0.0-20190111083220-212db91bf0b8/go.mod h1:VIQWjXleEHakKVLjfhAAXUy3mq0NuXvobpOBf0ZBZro=
gonum.org/v1/plot v0.0.0-20190305221528-63fb5191f538 h1:f50iP7E9y0ARNdnzJWjVIRNyhJUdPwsxsIg3hBOnWMQ=
gonum.org/v1/plot v0.0.0-20190305221528-63fb5191f538/go.mod h1:UHUQI+NJ7Yec4fYI1TmSct4e1TZ/R1wLw3jcDG8ompI=
gopkg.in/jcmturner/aescts.v1 v1.0.1/go.mod h1:nsR8qBOg+OucoIW+WMhB3GspUQXq9XorLnQb9XtvcOo=
gopkg.in/jcmturner/dnsutils.v1 v1.0.1/go.mod h1:m3v+5svpVOhtFAP/wSz+yzh4Mc0Fg7eRhxkJMWSIz9Q=
gopkg.in/jcmturner/goidentity.v3 v3.0.0/go.mod h1:oG2kH0IvSYNIu80dVAyu/yoefjq1mNfM5bm88whjWx4=
gopkg.in/jcmturner/gokrb5.v6 v6.1.1/go.mod h1:NFjHNLrHQiruory+EmqDXCGv6CrjkeYeA+bR9mIfNFk=
gopkg.in/jcmturner/rpc.v1 v1.1.0/go.mod h1:YIdkC4XfD6GXbzje11McwsDuOlZQSb9W4vfLvuNnlv8=
modernc.org/b v1.0.0/go.mod h1:uZWcZfRj1BpYzfN9JTerzlNUnnPsV9O2ZA8JsRcubNg=
modernc.org/db v1.0.0/go.mod h1:kYD/cO29L/29RM0hXYl4i3+Q5VojL31kTUVpVJDw0s8=
modernc.org/file v1.0.0/go.mod h1:uqEokAEn1u6e+J45e54dsEA/pw4o7zLrA2GwyntZzjw=
modernc.org/fileutil v1.0.0/go.mod h1:JHsWpkrk/CnVV1H/eGlFf85BEpfkrp56ro8nojIq9Q8=
modernc.org/golex v1.0.0/go.mod h1:b/QX9oBD/LhixY6NDh+IdGv17hgB+51fET1i2kPSmvk=
modernc.org/internal v1.0.0/go.mod h1:VUD/+JAkhCpvkUitlEOnhpVxCgsBI90oTzSCRcqQVSM=
modernc.org/lldb v1.0.0/go.mod h1:jcRvJGWfCGodDZz8BPwiKMJxGJngQ/5DrRapkQnLob8=
modernc.org/mathutil v1.0.0/go.mod h1:wU0vUrJsVWBZ4P6e7xtFJEhFSNsfRLJ8H458uRjg03k=
modernc.org/ql v1.0.0/go.mod h1:xGVyrLIatPcO2C1JvI/Co8c0sr6y91HKFNy4pt9JXEY=
modernc.org/sortutil v1.0.0/go.mod h1:1QO0q8IlIlmjBIwm6t/7sof874+xCfZouyqZMLIAtxM=
modernc.org/strutil v1.0.0/go.mod h1:lstksw84oURvj9y3tn8lGvRxyRC1S2+g5uuIzNfIOBs=
modernc.org/zappy v1.0.0/go.mod h1:hHe+oGahLVII/aTTyWK/b53VDHMAGCBYYeZ9sn83HC4=
nanomsg.org/go-mangos v1.4.0/go.mod h1:MOor8xUIgwsRMPpLr9xQxe7bT7rciibScOqVyztNxHQ=
rsc.io/pdf v0.1.1/go.mod h1:n8OzWcQ6Sp37PL01nO98y4iUCRdTGarVfzxY20ICaU4=
